
Microsoft Visual Studio Solution File, Format Version 12.00
# Visual Studio 15
VisualStudioVersion = 15.0.28307.106
MinimumVisualStudioVersion = 10.0.40219.1
Project("{FAE04EC0-301F-11D3-BF4B-00C04F79EFBC}") = "ElectronicParts", "ElectronicParts\ElectronicParts.csproj", "{F3BBB1F9-79E8-404F-9D44-0715358A1E45}"
EndProject
Project("{FAE04EC0-301F-11D3-BF4B-00C04F79EFBC}") = "ElectronicParts.Services", "ElectronicParts.Services\ElectronicParts.Services.csproj", "{A1D0A7F5-2DD5-4BBC-9DEF-38B017072B5F}"
EndProject
Project("{FAE04EC0-301F-11D3-BF4B-00C04F79EFBC}") = "Shared", "Shared\Shared.csproj", "{F90C9CBB-2FAA-4B3C-BB12-9D481EE86F19}"
EndProject
Project("{FAE04EC0-301F-11D3-BF4B-00C04F79EFBC}") = "ElectronicParts.Tests", "ElectronicParts.Tests\ElectronicParts.Tests.csproj", "{1556C8BD-6949-47CD-97B6-24ABFF7311D9}"
EndProject
Project("{FAE04EC0-301F-11D3-BF4B-00C04F79EFBC}") = "ElectronicParts.Components", "ElectronicParts.Components\ElectronicParts.Components.csproj", "{6F6E2300-099A-41D5-A3F0-D0B12F91C1B5}"
EndProject
Global
	GlobalSection(SolutionConfigurationPlatforms) = preSolution
		Debug|Any CPU = Debug|Any CPU
		Release|Any CPU = Release|Any CPU
	EndGlobalSection
	GlobalSection(ProjectConfigurationPlatforms) = postSolution
		{F3BBB1F9-79E8-404F-9D44-0715358A1E45}.Debug|Any CPU.ActiveCfg = Debug|Any CPU
		{F3BBB1F9-79E8-404F-9D44-0715358A1E45}.Debug|Any CPU.Build.0 = Debug|Any CPU
		{F3BBB1F9-79E8-404F-9D44-0715358A1E45}.Release|Any CPU.ActiveCfg = Release|Any CPU
		{F3BBB1F9-79E8-404F-9D44-0715358A1E45}.Release|Any CPU.Build.0 = Release|Any CPU
		{A1D0A7F5-2DD5-4BBC-9DEF-38B017072B5F}.Debug|Any CPU.ActiveCfg = Debug|Any CPU
		{A1D0A7F5-2DD5-4BBC-9DEF-38B017072B5F}.Debug|Any CPU.Build.0 = Debug|Any CPU
		{A1D0A7F5-2DD5-4BBC-9DEF-38B017072B5F}.Release|Any CPU.ActiveCfg = Release|Any CPU
		{A1D0A7F5-2DD5-4BBC-9DEF-38B017072B5F}.Release|Any CPU.Build.0 = Release|Any CPU
		{F90C9CBB-2FAA-4B3C-BB12-9D481EE86F19}.Debug|Any CPU.ActiveCfg = Debug|Any CPU
		{F90C9CBB-2FAA-4B3C-BB12-9D481EE86F19}.Debug|Any CPU.Build.0 = Debug|Any CPU
		{F90C9CBB-2FAA-4B3C-BB12-9D481EE86F19}.Release|Any CPU.ActiveCfg = Release|Any CPU
		{F90C9CBB-2FAA-4B3C-BB12-9D481EE86F19}.Release|Any CPU.Build.0 = Release|Any CPU
		{1556C8BD-6949-47CD-97B6-24ABFF7311D9}.Debug|Any CPU.ActiveCfg = Debug|Any CPU
		{1556C8BD-6949-47CD-97B6-24ABFF7311D9}.Debug|Any CPU.Build.0 = Debug|Any CPU
		{1556C8BD-6949-47CD-97B6-24ABFF7311D9}.Release|Any CPU.ActiveCfg = Release|Any CPU
		{1556C8BD-6949-47CD-97B6-24ABFF7311D9}.Release|Any CPU.Build.0 = Release|Any CPU
		{6F6E2300-099A-41D5-A3F0-D0B12F91C1B5}.Debug|Any CPU.ActiveCfg = Debug|Any CPU
		{6F6E2300-099A-41D5-A3F0-D0B12F91C1B5}.Debug|Any CPU.Build.0 = Debug|Any CPU
		{6F6E2300-099A-41D5-A3F0-D0B12F91C1B5}.Release|Any CPU.ActiveCfg = Release|Any CPU
		{6F6E2300-099A-41D5-A3F0-D0B12F91C1B5}.Release|Any CPU.Build.0 = Release|Any CPU
	EndGlobalSection
	GlobalSection(SolutionProperties) = preSolution
		HideSolutionNode = FALSE
	EndGlobalSection
	GlobalSection(ExtensibilityGlobals) = postSolution
		SolutionGuid = {5320E665-40FB-4E01-9FBC-4FF8FCA65FC6}
	EndGlobalSection
EndGlobal
