
Microsoft Visual Studio Solution File, Format Version 12.00
# Visual Studio 15
VisualStudioVersion = 15.0.28307.106
MinimumVisualStudioVersion = 10.0.40219.1
Project("{FAE04EC0-301F-11D3-BF4B-00C04F79EFBC}") = "ElectronicParts", "ElectronicParts\ElectronicParts.csproj", "{F3BBB1F9-79E8-404F-9D44-0715358A1E45}"
EndProject
Global
	GlobalSection(SolutionConfigurationPlatforms) = preSolution
		Debug|Any CPU = Debug|Any CPU
		Release|Any CPU = Release|Any CPU
	EndGlobalSection
	GlobalSection(ProjectConfigurationPlatforms) = postSolution
		{F3BBB1F9-79E8-404F-9D44-0715358A1E45}.Debug|Any CPU.ActiveCfg = Debug|Any CPU
		{F3BBB1F9-79E8-404F-9D44-0715358A1E45}.Debug|Any CPU.Build.0 = Debug|Any CPU
		{F3BBB1F9-79E8-404F-9D44-0715358A1E45}.Release|Any CPU.ActiveCfg = Release|Any CPU
		{F3BBB1F9-79E8-404F-9D44-0715358A1E45}.Release|Any CPU.Build.0 = Release|Any CPU
	EndGlobalSection
	GlobalSection(SolutionProperties) = preSolution
		HideSolutionNode = FALSE
	EndGlobalSection
	GlobalSection(ExtensibilityGlobals) = postSolution
		SolutionGuid = {5320E665-40FB-4E01-9FBC-4FF8FCA65FC6}
	EndGlobalSection
EndGlobal
